
Microsoft Visual Studio Solution File, Format Version 12.00
# Visual Studio 14
VisualStudioVersion = 14.0.24720.0
MinimumVisualStudioVersion = 10.0.40219.1
Project("{FAE04EC0-301F-11D3-BF4B-00C04F79EFBC}") = "App3.Droid", "App3\App3.Droid\App3.Droid.csproj", "{2CA0F9FD-778C-44AA-9842-AC7182B9D905}"
EndProject
Project("{FAE04EC0-301F-11D3-BF4B-00C04F79EFBC}") = "App3.iOS", "App3\App3.iOS\App3.iOS.csproj", "{AA044091-AE99-4AC3-BAFA-A85CAE926C19}"
EndProject
Project("{FAE04EC0-301F-11D3-BF4B-00C04F79EFBC}") = "App3", "App3\App3\App3.csproj", "{FD63BD03-9F05-41CF-9B64-D8BB39C9F2FD}"
EndProject
Global
	GlobalSection(SolutionConfigurationPlatforms) = preSolution
		Ad-Hoc|Any CPU = Ad-Hoc|Any CPU
		Ad-Hoc|iPhone = Ad-Hoc|iPhone
		Ad-Hoc|iPhoneSimulator = Ad-Hoc|iPhoneSimulator
		AppStore|Any CPU = AppStore|Any CPU
		AppStore|iPhone = AppStore|iPhone
		AppStore|iPhoneSimulator = AppStore|iPhoneSimulator
		Debug|Any CPU = Debug|Any CPU
		Debug|iPhone = Debug|iPhone
		Debug|iPhoneSimulator = Debug|iPhoneSimulator
		Release|Any CPU = Release|Any CPU
		Release|iPhone = Release|iPhone
		Release|iPhoneSimulator = Release|iPhoneSimulator
	EndGlobalSection
	GlobalSection(ProjectConfigurationPlatforms) = postSolution
		{2CA0F9FD-778C-44AA-9842-AC7182B9D905}.Ad-Hoc|Any CPU.ActiveCfg = Release|Any CPU
		{2CA0F9FD-778C-44AA-9842-AC7182B9D905}.Ad-Hoc|Any CPU.Build.0 = Release|Any CPU
		{2CA0F9FD-778C-44AA-9842-AC7182B9D905}.Ad-Hoc|Any CPU.Deploy.0 = Release|Any CPU
		{2CA0F9FD-778C-44AA-9842-AC7182B9D905}.Ad-Hoc|iPhone.ActiveCfg = Release|Any CPU
		{2CA0F9FD-778C-44AA-9842-AC7182B9D905}.Ad-Hoc|iPhone.Build.0 = Release|Any CPU
		{2CA0F9FD-778C-44AA-9842-AC7182B9D905}.Ad-Hoc|iPhone.Deploy.0 = Release|Any CPU
		{2CA0F9FD-778C-44AA-9842-AC7182B9D905}.Ad-Hoc|iPhoneSimulator.ActiveCfg = Release|Any CPU
		{2CA0F9FD-778C-44AA-9842-AC7182B9D905}.Ad-Hoc|iPhoneSimulator.Build.0 = Release|Any CPU
		{2CA0F9FD-778C-44AA-9842-AC7182B9D905}.Ad-Hoc|iPhoneSimulator.Deploy.0 = Release|Any CPU
		{2CA0F9FD-778C-44AA-9842-AC7182B9D905}.AppStore|Any CPU.ActiveCfg = Release|Any CPU
		{2CA0F9FD-778C-44AA-9842-AC7182B9D905}.AppStore|Any CPU.Build.0 = Release|Any CPU
		{2CA0F9FD-778C-44AA-9842-AC7182B9D905}.AppStore|Any CPU.Deploy.0 = Release|Any CPU
		{2CA0F9FD-778C-44AA-9842-AC7182B9D905}.AppStore|iPhone.ActiveCfg = Release|Any CPU
		{2CA0F9FD-778C-44AA-9842-AC7182B9D905}.AppStore|iPhone.Build.0 = Release|Any CPU
		{2CA0F9FD-778C-44AA-9842-AC7182B9D905}.AppStore|iPhone.Deploy.0 = Release|Any CPU
		{2CA0F9FD-778C-44AA-9842-AC7182B9D905}.AppStore|iPhoneSimulator.ActiveCfg = Release|Any CPU
		{2CA0F9FD-778C-44AA-9842-AC7182B9D905}.AppStore|iPhoneSimulator.Build.0 = Release|Any CPU
		{2CA0F9FD-778C-44AA-9842-AC7182B9D905}.AppStore|iPhoneSimulator.Deploy.0 = Release|Any CPU
		{2CA0F9FD-778C-44AA-9842-AC7182B9D905}.Debug|Any CPU.ActiveCfg = Debug|Any CPU
		{2CA0F9FD-778C-44AA-9842-AC7182B9D905}.Debug|Any CPU.Build.0 = Debug|Any CPU
		{2CA0F9FD-778C-44AA-9842-AC7182B9D905}.Debug|Any CPU.Deploy.0 = Debug|Any CPU
		{2CA0F9FD-778C-44AA-9842-AC7182B9D905}.Debug|iPhone.ActiveCfg = Debug|Any CPU
		{2CA0F9FD-778C-44AA-9842-AC7182B9D905}.Debug|iPhone.Build.0 = Debug|Any CPU
		{2CA0F9FD-778C-44AA-9842-AC7182B9D905}.Debug|iPhone.Deploy.0 = Debug|Any CPU
		{2CA0F9FD-778C-44AA-9842-AC7182B9D905}.Debug|iPhoneSimulator.ActiveCfg = Debug|Any CPU
		{2CA0F9FD-778C-44AA-9842-AC7182B9D905}.Debug|iPhoneSimulator.Build.0 = Debug|Any CPU
		{2CA0F9FD-778C-44AA-9842-AC7182B9D905}.Debug|iPhoneSimulator.Deploy.0 = Debug|Any CPU
		{2CA0F9FD-778C-44AA-9842-AC7182B9D905}.Release|Any CPU.ActiveCfg = Release|Any CPU
		{2CA0F9FD-778C-44AA-9842-AC7182B9D905}.Release|Any CPU.Build.0 = Release|Any CPU
		{2CA0F9FD-778C-44AA-9842-AC7182B9D905}.Release|Any CPU.Deploy.0 = Release|Any CPU
		{2CA0F9FD-778C-44AA-9842-AC7182B9D905}.Release|iPhone.ActiveCfg = Release|Any CPU
		{2CA0F9FD-778C-44AA-9842-AC7182B9D905}.Release|iPhone.Build.0 = Release|Any CPU
		{2CA0F9FD-778C-44AA-9842-AC7182B9D905}.Release|iPhone.Deploy.0 = Release|Any CPU
		{2CA0F9FD-778C-44AA-9842-AC7182B9D905}.Release|iPhoneSimulator.ActiveCfg = Release|Any CPU
		{2CA0F9FD-778C-44AA-9842-AC7182B9D905}.Release|iPhoneSimulator.Build.0 = Release|Any CPU
		{2CA0F9FD-778C-44AA-9842-AC7182B9D905}.Release|iPhoneSimulator.Deploy.0 = Release|Any CPU
		{AA044091-AE99-4AC3-BAFA-A85CAE926C19}.Ad-Hoc|Any CPU.ActiveCfg = Ad-Hoc|iPhone
		{AA044091-AE99-4AC3-BAFA-A85CAE926C19}.Ad-Hoc|iPhone.ActiveCfg = Ad-Hoc|iPhone
		{AA044091-AE99-4AC3-BAFA-A85CAE926C19}.Ad-Hoc|iPhone.Build.0 = Ad-Hoc|iPhone
		{AA044091-AE99-4AC3-BAFA-A85CAE926C19}.Ad-Hoc|iPhoneSimulator.ActiveCfg = Ad-Hoc|iPhoneSimulator
		{AA044091-AE99-4AC3-BAFA-A85CAE926C19}.Ad-Hoc|iPhoneSimulator.Build.0 = Ad-Hoc|iPhoneSimulator
		{AA044091-AE99-4AC3-BAFA-A85CAE926C19}.AppStore|Any CPU.ActiveCfg = AppStore|iPhone
		{AA044091-AE99-4AC3-BAFA-A85CAE926C19}.AppStore|iPhone.ActiveCfg = AppStore|iPhone
		{AA044091-AE99-4AC3-BAFA-A85CAE926C19}.AppStore|iPhone.Build.0 = AppStore|iPhone
		{AA044091-AE99-4AC3-BAFA-A85CAE926C19}.AppStore|iPhoneSimulator.ActiveCfg = AppStore|iPhoneSimulator
		{AA044091-AE99-4AC3-BAFA-A85CAE926C19}.AppStore|iPhoneSimulator.Build.0 = AppStore|iPhoneSimulator
		{AA044091-AE99-4AC3-BAFA-A85CAE926C19}.Debug|Any CPU.ActiveCfg = Debug|iPhone
		{AA044091-AE99-4AC3-BAFA-A85CAE926C19}.Debug|iPhone.ActiveCfg = Debug|iPhone
		{AA044091-AE99-4AC3-BAFA-A85CAE926C19}.Debug|iPhone.Build.0 = Debug|iPhone
		{AA044091-AE99-4AC3-BAFA-A85CAE926C19}.Debug|iPhoneSimulator.ActiveCfg = Debug|iPhoneSimulator
		{AA044091-AE99-4AC3-BAFA-A85CAE926C19}.Debug|iPhoneSimulator.Build.0 = Debug|iPhoneSimulator
		{AA044091-AE99-4AC3-BAFA-A85CAE926C19}.Release|Any CPU.ActiveCfg = Release|iPhone
		{AA044091-AE99-4AC3-BAFA-A85CAE926C19}.Release|iPhone.ActiveCfg = Release|iPhone
		{AA044091-AE99-4AC3-BAFA-A85CAE926C19}.Release|iPhone.Build.0 = Release|iPhone
		{AA044091-AE99-4AC3-BAFA-A85CAE926C19}.Release|iPhoneSimulator.ActiveCfg = Release|iPhoneSimulator
		{AA044091-AE99-4AC3-BAFA-A85CAE926C19}.Release|iPhoneSimulator.Build.0 = Release|iPhoneSimulator
		{FD63BD03-9F05-41CF-9B64-D8BB39C9F2FD}.Ad-Hoc|Any CPU.ActiveCfg = Release|Any CPU
		{FD63BD03-9F05-41CF-9B64-D8BB39C9F2FD}.Ad-Hoc|Any CPU.Build.0 = Release|Any CPU
		{FD63BD03-9F05-41CF-9B64-D8BB39C9F2FD}.Ad-Hoc|iPhone.ActiveCfg = Release|Any CPU
		{FD63BD03-9F05-41CF-9B64-D8BB39C9F2FD}.Ad-Hoc|iPhone.Build.0 = Release|Any CPU
		{FD63BD03-9F05-41CF-9B64-D8BB39C9F2FD}.Ad-Hoc|iPhoneSimulator.ActiveCfg = Release|Any CPU
		{FD63BD03-9F05-41CF-9B64-D8BB39C9F2FD}.Ad-Hoc|iPhoneSimulator.Build.0 = Release|Any CPU
		{FD63BD03-9F05-41CF-9B64-D8BB39C9F2FD}.AppStore|Any CPU.ActiveCfg = Release|Any CPU
		{FD63BD03-9F05-41CF-9B64-D8BB39C9F2FD}.AppStore|Any CPU.Build.0 = Release|Any CPU
		{FD63BD03-9F05-41CF-9B64-D8BB39C9F2FD}.AppStore|iPhone.ActiveCfg = Release|Any CPU
		{FD63BD03-9F05-41CF-9B64-D8BB39C9F2FD}.AppStore|iPhone.Build.0 = Release|Any CPU
		{FD63BD03-9F05-41CF-9B64-D8BB39C9F2FD}.AppStore|iPhoneSimulator.ActiveCfg = Release|Any CPU
		{FD63BD03-9F05-41CF-9B64-D8BB39C9F2FD}.AppStore|iPhoneSimulator.Build.0 = Release|Any CPU
		{FD63BD03-9F05-41CF-9B64-D8BB39C9F2FD}.Debug|Any CPU.ActiveCfg = Debug|Any CPU
		{FD63BD03-9F05-41CF-9B64-D8BB39C9F2FD}.Debug|Any CPU.Build.0 = Debug|Any CPU
		{FD63BD03-9F05-41CF-9B64-D8BB39C9F2FD}.Debug|iPhone.ActiveCfg = Debug|Any CPU
		{FD63BD03-9F05-41CF-9B64-D8BB39C9F2FD}.Debug|iPhone.Build.0 = Debug|Any CPU
		{FD63BD03-9F05-41CF-9B64-D8BB39C9F2FD}.Debug|iPhoneSimulator.ActiveCfg = Debug|Any CPU
		{FD63BD03-9F05-41CF-9B64-D8BB39C9F2FD}.Debug|iPhoneSimulator.Build.0 = Debug|Any CPU
		{FD63BD03-9F05-41CF-9B64-D8BB39C9F2FD}.Release|Any CPU.ActiveCfg = Release|Any CPU
		{FD63BD03-9F05-41CF-9B64-D8BB39C9F2FD}.Release|Any CPU.Build.0 = Release|Any CPU
		{FD63BD03-9F05-41CF-9B64-D8BB39C9F2FD}.Release|iPhone.ActiveCfg = Release|Any CPU
		{FD63BD03-9F05-41CF-9B64-D8BB39C9F2FD}.Release|iPhone.Build.0 = Release|Any CPU
		{FD63BD03-9F05-41CF-9B64-D8BB39C9F2FD}.Release|iPhoneSimulator.ActiveCfg = Release|Any CPU
		{FD63BD03-9F05-41CF-9B64-D8BB39C9F2FD}.Release|iPhoneSimulator.Build.0 = Release|Any CPU
	EndGlobalSection
	GlobalSection(SolutionProperties) = preSolution
		HideSolutionNode = FALSE
	EndGlobalSection
EndGlobal
